{
  "name": "@acornops/platform-admin-console",
  "version": "0.0.1-experimental.1",
  "lockfileVersion": 3,
  "requires": true,
  "packages": {
    "": {
      "name": "@acornops/platform-admin-console",
      "version": "0.0.1-experimental.1",
      "dependencies": {
        "@fontsource/outfit": "^5.2.8",
        "@fontsource/ubuntu-mono": "^5.2.8"
      },
      "engines": {
        "node": ">=20"
      }
    },
    "node_modules/@fontsource/outfit": {
      "version": "5.2.8",
      "resolved": "https://registry.npmjs.org/@fontsource/outfit/-/outfit-5.2.8.tgz",
      "integrity": "sha512-rXC6g0MqD7cOBjht0bMqc43qM6lRqDLML9KXsmg9uykz0wLQhy8Z/ajrMG6iyoT3NJR+MYgU+OEHp7uHoTb+Yw==",
      "license": "OFL-1.1",
      "funding": {
        "url": "https://github.com/sponsors/ayuhito"
      }
    },
    "node_modules/@fontsource/ubuntu-mono": {
      "version": "5.2.8",
      "resolved": "https://registry.npmjs.org/@fontsource/ubuntu-mono/-/ubuntu-mono-5.2.8.tgz",
      "integrity": "sha512-N4nT8+GYWWcDODVSBLU4f3PycZQH9YIF6SypDI0rti3HrLqcXFS9u6wMvAd9vx1FmjAQkYv7Ld9CZ8XYTEOD0A==",
      "license": "UFL-1.0",
      "funding": {
        "url": "https://github.com/sponsors/ayuhito"
      }
    }
  }
}
